
Microsoft Visual Studio Solution File, Format Version 12.00
# Visual Studio Version 17
VisualStudioVersion = 17.6.33801.468
MinimumVisualStudioVersion = 10.0.40219.1
Project("{FAE04EC0-301F-11D3-BF4B-00C04F79EFBC}") = "Review_June3rd", "Review_June3rd\Review_June3rd.csproj", "{C63924DE-4A8C-42AF-8E02-031F97CFF8E4}"
EndProject
Global
	GlobalSection(SolutionConfigurationPlatforms) = preSolution
		Debug|Any CPU = Debug|Any CPU
		Release|Any CPU = Release|Any CPU
	EndGlobalSection
	GlobalSection(ProjectConfigurationPlatforms) = postSolution
		{C63924DE-4A8C-42AF-8E02-031F97CFF8E4}.Debug|Any CPU.ActiveCfg = Debug|Any CPU
		{C63924DE-4A8C-42AF-8E02-031F97CFF8E4}.Debug|Any CPU.Build.0 = Debug|Any CPU
		{C63924DE-4A8C-42AF-8E02-031F97CFF8E4}.Release|Any CPU.ActiveCfg = Release|Any CPU
		{C63924DE-4A8C-42AF-8E02-031F97CFF8E4}.Release|Any CPU.Build.0 = Release|Any CPU
	EndGlobalSection
	GlobalSection(SolutionProperties) = preSolution
		HideSolutionNode = FALSE
	EndGlobalSection
	GlobalSection(ExtensibilityGlobals) = postSolution
		SolutionGuid = {B1976199-891F-4818-9642-2B83445A7995}
	EndGlobalSection
EndGlobal
